
Microsoft Visual Studio Solution File, Format Version 12.00
# Visual Studio Version 17
VisualStudioVersion = 17.3.32929.385
MinimumVisualStudioVersion = 10.0.40219.1
Project("{FAE04EC0-301F-11D3-BF4B-00C04F79EFBC}") = "DateTimePractice", "DateTimePractice\DateTimePractice.csproj", "{FF31BDC5-3AC7-4701-B8C9-9EFCE6A49B81}"
EndProject
Project("{FAE04EC0-301F-11D3-BF4B-00C04F79EFBC}") = "HundredChickens", "HundredChickens\HundredChickens.csproj", "{1F1A8907-56D7-46C5-ADDA-42323FF190CC}"
EndProject
Global
	GlobalSection(SolutionConfigurationPlatforms) = preSolution
		Debug|Any CPU = Debug|Any CPU
		Release|Any CPU = Release|Any CPU
	EndGlobalSection
	GlobalSection(ProjectConfigurationPlatforms) = postSolution
		{FF31BDC5-3AC7-4701-B8C9-9EFCE6A49B81}.Debug|Any CPU.ActiveCfg = Debug|Any CPU
		{FF31BDC5-3AC7-4701-B8C9-9EFCE6A49B81}.Debug|Any CPU.Build.0 = Debug|Any CPU
		{FF31BDC5-3AC7-4701-B8C9-9EFCE6A49B81}.Release|Any CPU.ActiveCfg = Release|Any CPU
		{FF31BDC5-3AC7-4701-B8C9-9EFCE6A49B81}.Release|Any CPU.Build.0 = Release|Any CPU
		{1F1A8907-56D7-46C5-ADDA-42323FF190CC}.Debug|Any CPU.ActiveCfg = Debug|Any CPU
		{1F1A8907-56D7-46C5-ADDA-42323FF190CC}.Debug|Any CPU.Build.0 = Debug|Any CPU
		{1F1A8907-56D7-46C5-ADDA-42323FF190CC}.Release|Any CPU.ActiveCfg = Release|Any CPU
		{1F1A8907-56D7-46C5-ADDA-42323FF190CC}.Release|Any CPU.Build.0 = Release|Any CPU
	EndGlobalSection
	GlobalSection(SolutionProperties) = preSolution
		HideSolutionNode = FALSE
	EndGlobalSection
	GlobalSection(ExtensibilityGlobals) = postSolution
		SolutionGuid = {D0A669DE-4AB4-4BC3-B56E-2C2050FD18D2}
	EndGlobalSection
EndGlobal
