
Microsoft Visual Studio Solution File, Format Version 12.00
# Visual Studio Version 17
VisualStudioVersion = 17.3.32929.385
MinimumVisualStudioVersion = 10.0.40219.1
Project("{FAE04EC0-301F-11D3-BF4B-00C04F79EFBC}") = "ISpan.Games", "ISpan.Games\ISpan.Games.csproj", "{9F322023-9A0C-4F60-A2B3-797BE07901E7}"
EndProject
Project("{FAE04EC0-301F-11D3-BF4B-00C04F79EFBC}") = "ISpan.Games.UnitTests", "ISpan.Games.UnitTests\ISpan.Games.UnitTests.csproj", "{8201C99F-374D-4B6C-B421-AC62F1565A3C}"
EndProject
Project("{FAE04EC0-301F-11D3-BF4B-00C04F79EFBC}") = "ISpan.Games.WinApp", "ISpan.Games.WinApp\ISpan.Games.WinApp.csproj", "{2B1E8D54-E9BD-4AB0-8578-54480A66439B}"
EndProject
Global
	GlobalSection(SolutionConfigurationPlatforms) = preSolution
		Debug|Any CPU = Debug|Any CPU
		Release|Any CPU = Release|Any CPU
	EndGlobalSection
	GlobalSection(ProjectConfigurationPlatforms) = postSolution
		{9F322023-9A0C-4F60-A2B3-797BE07901E7}.Debug|Any CPU.ActiveCfg = Debug|Any CPU
		{9F322023-9A0C-4F60-A2B3-797BE07901E7}.Debug|Any CPU.Build.0 = Debug|Any CPU
		{9F322023-9A0C-4F60-A2B3-797BE07901E7}.Release|Any CPU.ActiveCfg = Release|Any CPU
		{9F322023-9A0C-4F60-A2B3-797BE07901E7}.Release|Any CPU.Build.0 = Release|Any CPU
		{8201C99F-374D-4B6C-B421-AC62F1565A3C}.Debug|Any CPU.ActiveCfg = Debug|Any CPU
		{8201C99F-374D-4B6C-B421-AC62F1565A3C}.Debug|Any CPU.Build.0 = Debug|Any CPU
		{8201C99F-374D-4B6C-B421-AC62F1565A3C}.Release|Any CPU.ActiveCfg = Release|Any CPU
		{8201C99F-374D-4B6C-B421-AC62F1565A3C}.Release|Any CPU.Build.0 = Release|Any CPU
		{2B1E8D54-E9BD-4AB0-8578-54480A66439B}.Debug|Any CPU.ActiveCfg = Debug|Any CPU
		{2B1E8D54-E9BD-4AB0-8578-54480A66439B}.Debug|Any CPU.Build.0 = Debug|Any CPU
		{2B1E8D54-E9BD-4AB0-8578-54480A66439B}.Release|Any CPU.ActiveCfg = Release|Any CPU
		{2B1E8D54-E9BD-4AB0-8578-54480A66439B}.Release|Any CPU.Build.0 = Release|Any CPU
	EndGlobalSection
	GlobalSection(SolutionProperties) = preSolution
		HideSolutionNode = FALSE
	EndGlobalSection
	GlobalSection(ExtensibilityGlobals) = postSolution
		SolutionGuid = {E8E768B7-D5DA-4584-AC7A-EF99200A9C98}
	EndGlobalSection
EndGlobal
