
Microsoft Visual Studio Solution File, Format Version 12.00
# Visual Studio Version 17
VisualStudioVersion = 17.3.32811.315
MinimumVisualStudioVersion = 10.0.40219.1
Project("{FAE04EC0-301F-11D3-BF4B-00C04F79EFBC}") = "ConsoleApp1", "ConsoleApp1\ConsoleApp1.csproj", "{171FD6D3-BA1B-4EDE-8A8E-8E19C76FE804}"
EndProject
Project("{FAE04EC0-301F-11D3-BF4B-00C04F79EFBC}") = "ConsoleApp2", "ConsoleApp2\ConsoleApp2.csproj", "{7BF0C344-5995-4C94-9D03-647FF5AB888C}"
EndProject
Project("{FAE04EC0-301F-11D3-BF4B-00C04F79EFBC}") = "ConsoleApp3", "ConsoleApp3\ConsoleApp3.csproj", "{7661A197-490B-4BFF-90F7-08C116400C8C}"
EndProject
Project("{FAE04EC0-301F-11D3-BF4B-00C04F79EFBC}") = "ConsoleApp4", "ConsoleApp4\ConsoleApp4.csproj", "{C9F1D84C-2D82-4BB3-905E-64837AA8AC58}"
EndProject
Project("{FAE04EC0-301F-11D3-BF4B-00C04F79EFBC}") = "TestProject1", "TestProject1\TestProject1.csproj", "{E10D52B9-237B-4C3A-BF62-CF6F144C4EB2}"
EndProject
Global
	GlobalSection(SolutionConfigurationPlatforms) = preSolution
		Debug|Any CPU = Debug|Any CPU
		Release|Any CPU = Release|Any CPU
	EndGlobalSection
	GlobalSection(ProjectConfigurationPlatforms) = postSolution
		{171FD6D3-BA1B-4EDE-8A8E-8E19C76FE804}.Debug|Any CPU.ActiveCfg = Debug|Any CPU
		{171FD6D3-BA1B-4EDE-8A8E-8E19C76FE804}.Debug|Any CPU.Build.0 = Debug|Any CPU
		{171FD6D3-BA1B-4EDE-8A8E-8E19C76FE804}.Release|Any CPU.ActiveCfg = Release|Any CPU
		{171FD6D3-BA1B-4EDE-8A8E-8E19C76FE804}.Release|Any CPU.Build.0 = Release|Any CPU
		{7BF0C344-5995-4C94-9D03-647FF5AB888C}.Debug|Any CPU.ActiveCfg = Debug|Any CPU
		{7BF0C344-5995-4C94-9D03-647FF5AB888C}.Debug|Any CPU.Build.0 = Debug|Any CPU
		{7BF0C344-5995-4C94-9D03-647FF5AB888C}.Release|Any CPU.ActiveCfg = Release|Any CPU
		{7BF0C344-5995-4C94-9D03-647FF5AB888C}.Release|Any CPU.Build.0 = Release|Any CPU
		{7661A197-490B-4BFF-90F7-08C116400C8C}.Debug|Any CPU.ActiveCfg = Debug|Any CPU
		{7661A197-490B-4BFF-90F7-08C116400C8C}.Debug|Any CPU.Build.0 = Debug|Any CPU
		{7661A197-490B-4BFF-90F7-08C116400C8C}.Release|Any CPU.ActiveCfg = Release|Any CPU
		{7661A197-490B-4BFF-90F7-08C116400C8C}.Release|Any CPU.Build.0 = Release|Any CPU
		{C9F1D84C-2D82-4BB3-905E-64837AA8AC58}.Debug|Any CPU.ActiveCfg = Debug|Any CPU
		{C9F1D84C-2D82-4BB3-905E-64837AA8AC58}.Debug|Any CPU.Build.0 = Debug|Any CPU
		{C9F1D84C-2D82-4BB3-905E-64837AA8AC58}.Release|Any CPU.ActiveCfg = Release|Any CPU
		{C9F1D84C-2D82-4BB3-905E-64837AA8AC58}.Release|Any CPU.Build.0 = Release|Any CPU
		{E10D52B9-237B-4C3A-BF62-CF6F144C4EB2}.Debug|Any CPU.ActiveCfg = Debug|Any CPU
		{E10D52B9-237B-4C3A-BF62-CF6F144C4EB2}.Debug|Any CPU.Build.0 = Debug|Any CPU
		{E10D52B9-237B-4C3A-BF62-CF6F144C4EB2}.Release|Any CPU.ActiveCfg = Release|Any CPU
		{E10D52B9-237B-4C3A-BF62-CF6F144C4EB2}.Release|Any CPU.Build.0 = Release|Any CPU
	EndGlobalSection
	GlobalSection(SolutionProperties) = preSolution
		HideSolutionNode = FALSE
	EndGlobalSection
	GlobalSection(ExtensibilityGlobals) = postSolution
		SolutionGuid = {5DCB4E75-2DA3-404E-A897-3C46C3137BB9}
	EndGlobalSection
EndGlobal
