
Microsoft Visual Studio Solution File, Format Version 12.00
# Visual Studio Version 17
VisualStudioVersion = 17.3.32929.385
MinimumVisualStudioVersion = 10.0.40219.1
Project("{FAE04EC0-301F-11D3-BF4B-00C04F79EFBC}") = "iSpanCsharp20221215", "iSpanCsharp20221215\iSpanCsharp20221215.csproj", "{F036608D-8F46-4724-8C07-2175E96843FF}"
EndProject
Project("{FAE04EC0-301F-11D3-BF4B-00C04F79EFBC}") = "iSpan.Csharp.Utilities", "iSpan.Csharp.Utilities\iSpan.Csharp.Utilities.csproj", "{E8C7245E-2CA9-4AF5-8E4B-9EB2A212EF0A}"
EndProject
Project("{FAE04EC0-301F-11D3-BF4B-00C04F79EFBC}") = "iSpan.Csharp.Utilities.UnitTests", "iSpan.Csharp.Utilities.UnitTests\iSpan.Csharp.Utilities.UnitTests.csproj", "{403E717E-A462-4463-9A9B-B56B34183E62}"
EndProject
Global
	GlobalSection(SolutionConfigurationPlatforms) = preSolution
		Debug|Any CPU = Debug|Any CPU
		Release|Any CPU = Release|Any CPU
	EndGlobalSection
	GlobalSection(ProjectConfigurationPlatforms) = postSolution
		{F036608D-8F46-4724-8C07-2175E96843FF}.Debug|Any CPU.ActiveCfg = Debug|Any CPU
		{F036608D-8F46-4724-8C07-2175E96843FF}.Debug|Any CPU.Build.0 = Debug|Any CPU
		{F036608D-8F46-4724-8C07-2175E96843FF}.Release|Any CPU.ActiveCfg = Release|Any CPU
		{F036608D-8F46-4724-8C07-2175E96843FF}.Release|Any CPU.Build.0 = Release|Any CPU
		{E8C7245E-2CA9-4AF5-8E4B-9EB2A212EF0A}.Debug|Any CPU.ActiveCfg = Debug|Any CPU
		{E8C7245E-2CA9-4AF5-8E4B-9EB2A212EF0A}.Debug|Any CPU.Build.0 = Debug|Any CPU
		{E8C7245E-2CA9-4AF5-8E4B-9EB2A212EF0A}.Release|Any CPU.ActiveCfg = Release|Any CPU
		{E8C7245E-2CA9-4AF5-8E4B-9EB2A212EF0A}.Release|Any CPU.Build.0 = Release|Any CPU
		{403E717E-A462-4463-9A9B-B56B34183E62}.Debug|Any CPU.ActiveCfg = Debug|Any CPU
		{403E717E-A462-4463-9A9B-B56B34183E62}.Debug|Any CPU.Build.0 = Debug|Any CPU
		{403E717E-A462-4463-9A9B-B56B34183E62}.Release|Any CPU.ActiveCfg = Release|Any CPU
		{403E717E-A462-4463-9A9B-B56B34183E62}.Release|Any CPU.Build.0 = Release|Any CPU
	EndGlobalSection
	GlobalSection(SolutionProperties) = preSolution
		HideSolutionNode = FALSE
	EndGlobalSection
	GlobalSection(ExtensibilityGlobals) = postSolution
		SolutionGuid = {87DA9A17-9811-467A-BE44-F578F4A3F566}
	EndGlobalSection
EndGlobal
