
Microsoft Visual Studio Solution File, Format Version 12.00
# Visual Studio Version 17
VisualStudioVersion = 17.3.32929.385
MinimumVisualStudioVersion = 10.0.40219.1
Project("{FAE04EC0-301F-11D3-BF4B-00C04F79EFBC}") = "Lab_Console", "Lab_Console\Lab_Console.csproj", "{67059A04-4B20-4E82-8962-6743FA39C420}"
EndProject
Project("{FAE04EC0-301F-11D3-BF4B-00C04F79EFBC}") = "Lab_Form", "Lab_Form\Lab_Form.csproj", "{2D999827-3C14-4D21-A4CD-D01A0C892B8A}"
EndProject
Project("{FAE04EC0-301F-11D3-BF4B-00C04F79EFBC}") = "Lab_Homework", "Lab_Homework\Lab_Homework.csproj", "{3BF761F5-8E67-485A-A69C-94852C756C78}"
EndProject
Global
	GlobalSection(SolutionConfigurationPlatforms) = preSolution
		Debug|Any CPU = Debug|Any CPU
		Release|Any CPU = Release|Any CPU
	EndGlobalSection
	GlobalSection(ProjectConfigurationPlatforms) = postSolution
		{67059A04-4B20-4E82-8962-6743FA39C420}.Debug|Any CPU.ActiveCfg = Debug|Any CPU
		{67059A04-4B20-4E82-8962-6743FA39C420}.Debug|Any CPU.Build.0 = Debug|Any CPU
		{67059A04-4B20-4E82-8962-6743FA39C420}.Release|Any CPU.ActiveCfg = Release|Any CPU
		{67059A04-4B20-4E82-8962-6743FA39C420}.Release|Any CPU.Build.0 = Release|Any CPU
		{2D999827-3C14-4D21-A4CD-D01A0C892B8A}.Debug|Any CPU.ActiveCfg = Debug|Any CPU
		{2D999827-3C14-4D21-A4CD-D01A0C892B8A}.Debug|Any CPU.Build.0 = Debug|Any CPU
		{2D999827-3C14-4D21-A4CD-D01A0C892B8A}.Release|Any CPU.ActiveCfg = Release|Any CPU
		{2D999827-3C14-4D21-A4CD-D01A0C892B8A}.Release|Any CPU.Build.0 = Release|Any CPU
		{3BF761F5-8E67-485A-A69C-94852C756C78}.Debug|Any CPU.ActiveCfg = Debug|Any CPU
		{3BF761F5-8E67-485A-A69C-94852C756C78}.Debug|Any CPU.Build.0 = Debug|Any CPU
		{3BF761F5-8E67-485A-A69C-94852C756C78}.Release|Any CPU.ActiveCfg = Release|Any CPU
		{3BF761F5-8E67-485A-A69C-94852C756C78}.Release|Any CPU.Build.0 = Release|Any CPU
	EndGlobalSection
	GlobalSection(SolutionProperties) = preSolution
		HideSolutionNode = FALSE
	EndGlobalSection
	GlobalSection(ExtensibilityGlobals) = postSolution
		SolutionGuid = {1FC9EFE1-E70B-4D92-9ABB-CEFB979C1DD1}
	EndGlobalSection
EndGlobal
