
Microsoft Visual Studio Solution File, Format Version 12.00
# Visual Studio Version 17
VisualStudioVersion = 17.3.32929.385
MinimumVisualStudioVersion = 10.0.40219.1
Project("{FAE04EC0-301F-11D3-BF4B-00C04F79EFBC}") = "ConsoleAppPOKER", "ConsoleAppPOKER\ConsoleAppPOKER.csproj", "{5A3DF48E-E560-4990-B842-BB6B9A1D541D}"
EndProject
Global
	GlobalSection(SolutionConfigurationPlatforms) = preSolution
		Debug|Any CPU = Debug|Any CPU
		Release|Any CPU = Release|Any CPU
	EndGlobalSection
	GlobalSection(ProjectConfigurationPlatforms) = postSolution
		{5A3DF48E-E560-4990-B842-BB6B9A1D541D}.Debug|Any CPU.ActiveCfg = Debug|Any CPU
		{5A3DF48E-E560-4990-B842-BB6B9A1D541D}.Debug|Any CPU.Build.0 = Debug|Any CPU
		{5A3DF48E-E560-4990-B842-BB6B9A1D541D}.Release|Any CPU.ActiveCfg = Release|Any CPU
		{5A3DF48E-E560-4990-B842-BB6B9A1D541D}.Release|Any CPU.Build.0 = Release|Any CPU
	EndGlobalSection
	GlobalSection(SolutionProperties) = preSolution
		HideSolutionNode = FALSE
	EndGlobalSection
	GlobalSection(ExtensibilityGlobals) = postSolution
		SolutionGuid = {8D068419-AD75-4F1E-90C3-4F2CF59AB47D}
	EndGlobalSection
EndGlobal
